// !$*UTF8*$!
{
	archiveVersion = 1;
	classes = {
	};
	objectVersion = 56;
	objects = {

/* Begin PBXBuildFile section */
		F6131B212AAB9A90009F70E4 /* WeatherAppViewModel.swift in Sources */ = {isa = PBXBuildFile; fileRef = F6131B202AAB9A90009F70E4 /* WeatherAppViewModel.swift */; };
		F6131B242AABA9DC009F70E4 /* ForecastView.swift in Sources */ = {isa = PBXBuildFile; fileRef = F6131B232AABA9DC009F70E4 /* ForecastView.swift */; };
		F6131B262AABA9ED009F70E4 /* ForecastViewModel.swift in Sources */ = {isa = PBXBuildFile; fileRef = F6131B252AABA9ED009F70E4 /* ForecastViewModel.swift */; };
		F6131B2C2AABACFF009F70E4 /* Model.swift in Sources */ = {isa = PBXBuildFile; fileRef = F6131B2B2AABACFF009F70E4 /* Model.swift */; };
		F6131B2F2AADCD8B009F70E4 /* NetworkError.swift in Sources */ = {isa = PBXBuildFile; fileRef = F6131B2E2AADCD8B009F70E4 /* NetworkError.swift */; };
		F619DD482A6B2B0700917746 /* WeatherApp.swift in Sources */ = {isa = PBXBuildFile; fileRef = F619DD472A6B2B0700917746 /* WeatherApp.swift */; };
		F619DD4C2A6B2B0800917746 /* Assets.xcassets in Resources */ = {isa = PBXBuildFile; fileRef = F619DD4B2A6B2B0800917746 /* Assets.xcassets */; };
		F619DD502A6B2B0800917746 /* Preview Assets.xcassets in Resources */ = {isa = PBXBuildFile; fileRef = F619DD4F2A6B2B0800917746 /* Preview Assets.xcassets */; };
		F61DD0252A9D02B90013E705 /* WeatherViewModel.swift in Sources */ = {isa = PBXBuildFile; fileRef = F61DD0242A9D02B90013E705 /* WeatherViewModel.swift */; };
		F61DD0272A9D02C80013E705 /* WeatherView.swift in Sources */ = {isa = PBXBuildFile; fileRef = F61DD0262A9D02C80013E705 /* WeatherView.swift */; };
		F631AF232B80C74D006463F4 /* Keys.plist in Resources */ = {isa = PBXBuildFile; fileRef = F631AF222B80C74D006463F4 /* Keys.plist */; };
		F631AF252B80C8F3006463F4 /* INetworkManager.swift in Sources */ = {isa = PBXBuildFile; fileRef = F631AF242B80C8F3006463F4 /* INetworkManager.swift */; };
		F631AF282B80CB3D006463F4 /* CoreLocationManager.swift in Sources */ = {isa = PBXBuildFile; fileRef = F631AF272B80CB3D006463F4 /* CoreLocationManager.swift */; };
		F6438D802A75985E002FB331 /* NetworkManager.swift in Sources */ = {isa = PBXBuildFile; fileRef = F6438D7F2A75985E002FB331 /* NetworkManager.swift */; };
		F679015B2A7C33A50008A332 /* FontConstants.swift in Sources */ = {isa = PBXBuildFile; fileRef = F679015A2A7C33A50008A332 /* FontConstants.swift */; };
		F679015E2A7C349B0008A332 /* FontEnum.swift in Sources */ = {isa = PBXBuildFile; fileRef = F679015D2A7C349B0008A332 /* FontEnum.swift */; };
		F6AEC31D2AA73EA200AD5F5E /* MyWeatherViewModel.swift in Sources */ = {isa = PBXBuildFile; fileRef = F6AEC31C2AA73EA200AD5F5E /* MyWeatherViewModel.swift */; };
		F6AEC31F2AA73EAF00AD5F5E /* MyWeatherView.swift in Sources */ = {isa = PBXBuildFile; fileRef = F6AEC31E2AA73EAF00AD5F5E /* MyWeatherView.swift */; };
		F6E342C42B7E53AB00C45EB5 /* NetworkPath.swift in Sources */ = {isa = PBXBuildFile; fileRef = F6E342C32B7E53AB00C45EB5 /* NetworkPath.swift */; };
		F6E342C62B7E569300C45EB5 /* Alamofire in Frameworks */ = {isa = PBXBuildFile; productRef = F6E342C52B7E569300C45EB5 /* Alamofire */; };
		F6E342C82B7E569300C45EB5 /* Connectivity in Frameworks */ = {isa = PBXBuildFile; productRef = F6E342C72B7E569300C45EB5 /* Connectivity */; };
		F6F33F5E2AA338D700C39E89 /* HomeView.swift in Sources */ = {isa = PBXBuildFile; fileRef = F6F33F5D2AA338D700C39E89 /* HomeView.swift */; };
/* End PBXBuildFile section */

/* Begin PBXCopyFilesBuildPhase section */
		F619DD7D2A6B318400917746 /* Embed Frameworks */ = {
			isa = PBXCopyFilesBuildPhase;
			buildActionMask = 2147483647;
			dstPath = "";
			dstSubfolderSpec = 10;
			files = (
			);
			name = "Embed Frameworks";
			runOnlyForDeploymentPostprocessing = 0;
		};
/* End PBXCopyFilesBuildPhase section */

/* Begin PBXFileReference section */
		F6131B1D2AAB9A52009F70E4 /* Connectivity */ = {isa = PBXFileReference; lastKnownFileType = wrapper; name = Connectivity; path = Carthage/Checkouts/Connectivity; sourceTree = "<group>"; };
		F6131B202AAB9A90009F70E4 /* WeatherAppViewModel.swift */ = {isa = PBXFileReference; lastKnownFileType = sourcecode.swift; path = WeatherAppViewModel.swift; sourceTree = "<group>"; };
		F6131B232AABA9DC009F70E4 /* ForecastView.swift */ = {isa = PBXFileReference; lastKnownFileType = sourcecode.swift; path = ForecastView.swift; sourceTree = "<group>"; };
		F6131B252AABA9ED009F70E4 /* ForecastViewModel.swift */ = {isa = PBXFileReference; lastKnownFileType = sourcecode.swift; path = ForecastViewModel.swift; sourceTree = "<group>"; };
		F6131B2B2AABACFF009F70E4 /* Model.swift */ = {isa = PBXFileReference; lastKnownFileType = sourcecode.swift; path = Model.swift; sourceTree = "<group>"; };
		F6131B2E2AADCD8B009F70E4 /* NetworkError.swift */ = {isa = PBXFileReference; lastKnownFileType = sourcecode.swift; path = NetworkError.swift; sourceTree = "<group>"; };
		F619DD442A6B2B0700917746 /* WeatherApp.app */ = {isa = PBXFileReference; explicitFileType = wrapper.application; includeInIndex = 0; path = WeatherApp.app; sourceTree = BUILT_PRODUCTS_DIR; };
		F619DD472A6B2B0700917746 /* WeatherApp.swift */ = {isa = PBXFileReference; indentWidth = 2; lastKnownFileType = sourcecode.swift; path = WeatherApp.swift; sourceTree = "<group>"; tabWidth = 2; };
		F619DD4B2A6B2B0800917746 /* Assets.xcassets */ = {isa = PBXFileReference; lastKnownFileType = folder.assetcatalog; path = Assets.xcassets; sourceTree = "<group>"; };
		F619DD4D2A6B2B0800917746 /* WeatherApp.entitlements */ = {isa = PBXFileReference; lastKnownFileType = text.plist.entitlements; path = WeatherApp.entitlements; sourceTree = "<group>"; };
		F619DD4F2A6B2B0800917746 /* Preview Assets.xcassets */ = {isa = PBXFileReference; lastKnownFileType = folder.assetcatalog; path = "Preview Assets.xcassets"; sourceTree = "<group>"; };
		F619DD592A6B312F00917746 /* RxSwift */ = {isa = PBXFileReference; lastKnownFileType = wrapper; name = RxSwift; path = Carthage/Checkouts/RxSwift; sourceTree = "<group>"; };
		F619DD5B2A6B314500917746 /* Info.plist */ = {isa = PBXFileReference; lastKnownFileType = text.plist; path = Info.plist; sourceTree = "<group>"; };
		F619DD5C2A6B316100917746 /* Alamofire */ = {isa = PBXFileReference; lastKnownFileType = wrapper; name = Alamofire; path = Carthage/Checkouts/Alamofire; sourceTree = "<group>"; };
		F61DD0242A9D02B90013E705 /* WeatherViewModel.swift */ = {isa = PBXFileReference; lastKnownFileType = sourcecode.swift; path = WeatherViewModel.swift; sourceTree = "<group>"; };
		F61DD0262A9D02C80013E705 /* WeatherView.swift */ = {isa = PBXFileReference; lastKnownFileType = sourcecode.swift; path = WeatherView.swift; sourceTree = "<group>"; };
		F631AF222B80C74D006463F4 /* Keys.plist */ = {isa = PBXFileReference; lastKnownFileType = text.plist.xml; path = Keys.plist; sourceTree = "<group>"; };
		F631AF242B80C8F3006463F4 /* INetworkManager.swift */ = {isa = PBXFileReference; lastKnownFileType = sourcecode.swift; path = INetworkManager.swift; sourceTree = "<group>"; };
		F631AF272B80CB3D006463F4 /* CoreLocationManager.swift */ = {isa = PBXFileReference; lastKnownFileType = sourcecode.swift; path = CoreLocationManager.swift; sourceTree = "<group>"; };
		F6438D7F2A75985E002FB331 /* NetworkManager.swift */ = {isa = PBXFileReference; lastKnownFileType = sourcecode.swift; path = NetworkManager.swift; sourceTree = "<group>"; };
		F679015A2A7C33A50008A332 /* FontConstants.swift */ = {isa = PBXFileReference; lastKnownFileType = sourcecode.swift; path = FontConstants.swift; sourceTree = "<group>"; };
		F679015D2A7C349B0008A332 /* FontEnum.swift */ = {isa = PBXFileReference; lastKnownFileType = sourcecode.swift; path = FontEnum.swift; sourceTree = "<group>"; };
		F6AEC31C2AA73EA200AD5F5E /* MyWeatherViewModel.swift */ = {isa = PBXFileReference; lastKnownFileType = sourcecode.swift; path = MyWeatherViewModel.swift; sourceTree = "<group>"; };
		F6AEC31E2AA73EAF00AD5F5E /* MyWeatherView.swift */ = {isa = PBXFileReference; indentWidth = 2; lastKnownFileType = sourcecode.swift; path = MyWeatherView.swift; sourceTree = "<group>"; tabWidth = 2; };
		F6E342C32B7E53AB00C45EB5 /* NetworkPath.swift */ = {isa = PBXFileReference; lastKnownFileType = sourcecode.swift; path = NetworkPath.swift; sourceTree = "<group>"; };
		F6F33F5D2AA338D700C39E89 /* HomeView.swift */ = {isa = PBXFileReference; lastKnownFileType = sourcecode.swift; path = HomeView.swift; sourceTree = "<group>"; };
/* End PBXFileReference section */

/* Begin PBXFrameworksBuildPhase section */
		F619DD412A6B2B0700917746 /* Frameworks */ = {
			isa = PBXFrameworksBuildPhase;
			buildActionMask = 2147483647;
			files = (
				F6E342C62B7E569300C45EB5 /* Alamofire in Frameworks */,
				F6E342C82B7E569300C45EB5 /* Connectivity in Frameworks */,
			);
			runOnlyForDeploymentPostprocessing = 0;
		};
/* End PBXFrameworksBuildPhase section */

/* Begin PBXGroup section */
		F6131B222AABA9C7009F70E4 /* Forecast */ = {
			isa = PBXGroup;
			children = (
				F6131B232AABA9DC009F70E4 /* ForecastView.swift */,
				F6131B252AABA9ED009F70E4 /* ForecastViewModel.swift */,
			);
			path = Forecast;
			sourceTree = "<group>";
		};
		F6131B2A2AABACF4009F70E4 /* Model */ = {
			isa = PBXGroup;
			children = (
				F6131B2B2AABACFF009F70E4 /* Model.swift */,
			);
			path = Model;
			sourceTree = "<group>";
		};
		F6131B2D2AADCD05009F70E4 /* Error */ = {
			isa = PBXGroup;
			children = (
				F6131B2E2AADCD8B009F70E4 /* NetworkError.swift */,
			);
			path = Error;
			sourceTree = "<group>";
		};
		F619DD3B2A6B2B0700917746 = {
			isa = PBXGroup;
			children = (
				F631AF222B80C74D006463F4 /* Keys.plist */,
				F619DD462A6B2B0700917746 /* WeatherApp */,
				F619DD452A6B2B0700917746 /* Products */,
				F619DD582A6B312E00917746 /* Frameworks */,
			);
			indentWidth = 2;
			sourceTree = "<group>";
			tabWidth = 2;
		};
		F619DD452A6B2B0700917746 /* Products */ = {
			isa = PBXGroup;
			children = (
				F619DD442A6B2B0700917746 /* WeatherApp.app */,
			);
			name = Products;
			sourceTree = "<group>";
		};
		F619DD462A6B2B0700917746 /* WeatherApp */ = {
			isa = PBXGroup;
			children = (
				F6438D7D2A75982D002FB331 /* Core */,
				F6438D7C2A759820002FB331 /* Product */,
				F619DD802A6BDAB500917746 /* Features */,
				F619DD5B2A6B314500917746 /* Info.plist */,
				F6131B202AAB9A90009F70E4 /* WeatherAppViewModel.swift */,
				F619DD472A6B2B0700917746 /* WeatherApp.swift */,
				F619DD4B2A6B2B0800917746 /* Assets.xcassets */,
				F619DD4D2A6B2B0800917746 /* WeatherApp.entitlements */,
				F619DD4E2A6B2B0800917746 /* Preview Content */,
			);
			path = WeatherApp;
			sourceTree = "<group>";
		};
		F619DD4E2A6B2B0800917746 /* Preview Content */ = {
			isa = PBXGroup;
			children = (
				F619DD4F2A6B2B0800917746 /* Preview Assets.xcassets */,
			);
			path = "Preview Content";
			sourceTree = "<group>";
		};
		F619DD582A6B312E00917746 /* Frameworks */ = {
			isa = PBXGroup;
			children = (
				F6131B1D2AAB9A52009F70E4 /* Connectivity */,
				F619DD5C2A6B316100917746 /* Alamofire */,
				F619DD592A6B312F00917746 /* RxSwift */,
			);
			name = Frameworks;
			sourceTree = "<group>";
		};
		F619DD802A6BDAB500917746 /* Features */ = {
			isa = PBXGroup;
			children = (
				F6131B2A2AABACF4009F70E4 /* Model */,
				F6131B222AABA9C7009F70E4 /* Forecast */,
				F6AEC31B2AA73E7300AD5F5E /* MyWeather */,
				F6F33F5C2AA338CA00C39E89 /* Home */,
				F61DD0232A9D02750013E705 /* Weather */,
			);
			path = Features;
			sourceTree = "<group>";
		};
		F61DD0232A9D02750013E705 /* Weather */ = {
			isa = PBXGroup;
			children = (
				F61DD0242A9D02B90013E705 /* WeatherViewModel.swift */,
				F61DD0262A9D02C80013E705 /* WeatherView.swift */,
			);
			path = Weather;
			sourceTree = "<group>";
		};
		F631AF262B80CB23006463F4 /* CoreLocation */ = {
			isa = PBXGroup;
			children = (
				F631AF272B80CB3D006463F4 /* CoreLocationManager.swift */,
			);
			path = CoreLocation;
			sourceTree = "<group>";
		};
		F6438D7C2A759820002FB331 /* Product */ = {
			isa = PBXGroup;
			children = (
				F6131B2D2AADCD05009F70E4 /* Error */,
				F679015C2A7C33C30008A332 /* Enums */,
				F67901592A7C33720008A332 /* Constants */,
			);
			path = Product;
			sourceTree = "<group>";
		};
		F6438D7D2A75982D002FB331 /* Core */ = {
			isa = PBXGroup;
			children = (
				F631AF262B80CB23006463F4 /* CoreLocation */,
				F6438D7E2A759844002FB331 /* NetworkManager */,
			);
			path = Core;
			sourceTree = "<group>";
		};
		F6438D7E2A759844002FB331 /* NetworkManager */ = {
			isa = PBXGroup;
			children = (
				F6438D7F2A75985E002FB331 /* NetworkManager.swift */,
				F6E342C32B7E53AB00C45EB5 /* NetworkPath.swift */,
				F631AF242B80C8F3006463F4 /* INetworkManager.swift */,
			);
			path = NetworkManager;
			sourceTree = "<group>";
		};
		F67901592A7C33720008A332 /* Constants */ = {
			isa = PBXGroup;
			children = (
				F679015A2A7C33A50008A332 /* FontConstants.swift */,
			);
			path = Constants;
			sourceTree = "<group>";
		};
		F679015C2A7C33C30008A332 /* Enums */ = {
			isa = PBXGroup;
			children = (
				F679015D2A7C349B0008A332 /* FontEnum.swift */,
			);
			path = Enums;
			sourceTree = "<group>";
		};
		F6AEC31B2AA73E7300AD5F5E /* MyWeather */ = {
			isa = PBXGroup;
			children = (
				F6AEC31C2AA73EA200AD5F5E /* MyWeatherViewModel.swift */,
				F6AEC31E2AA73EAF00AD5F5E /* MyWeatherView.swift */,
			);
			path = MyWeather;
			sourceTree = "<group>";
		};
		F6F33F5C2AA338CA00C39E89 /* Home */ = {
			isa = PBXGroup;
			children = (
				F6F33F5D2AA338D700C39E89 /* HomeView.swift */,
			);
			path = Home;
			sourceTree = "<group>";
		};
/* End PBXGroup section */

/* Begin PBXNativeTarget section */
		F619DD432A6B2B0700917746 /* WeatherApp */ = {
			isa = PBXNativeTarget;
			buildConfigurationList = F619DD532A6B2B0800917746 /* Build configuration list for PBXNativeTarget "WeatherApp" */;
			buildPhases = (
				F619DD402A6B2B0700917746 /* Sources */,
				F619DD412A6B2B0700917746 /* Frameworks */,
				F619DD422A6B2B0700917746 /* Resources */,
				F619DD7D2A6B318400917746 /* Embed Frameworks */,
			);
			buildRules = (
			);
			dependencies = (
			);
			name = WeatherApp;
			packageProductDependencies = (
				F6E342C52B7E569300C45EB5 /* Alamofire */,
				F6E342C72B7E569300C45EB5 /* Connectivity */,
			);
			productName = WeatherApp;
			productReference = F619DD442A6B2B0700917746 /* WeatherApp.app */;
			productType = "com.apple.product-type.application";
		};
/* End PBXNativeTarget section */

/* Begin PBXProject section */
		F619DD3C2A6B2B0700917746 /* Project object */ = {
			isa = PBXProject;
			attributes = {
				BuildIndependentTargetsInParallel = 1;
				LastSwiftUpdateCheck = 1430;
				LastUpgradeCheck = 1500;
				TargetAttributes = {
					F619DD432A6B2B0700917746 = {
						CreatedOnToolsVersion = 14.3.1;
					};
				};
			};
			buildConfigurationList = F619DD3F2A6B2B0700917746 /* Build configuration list for PBXProject "WeatherApp" */;
			compatibilityVersion = "Xcode 14.0";
			developmentRegion = en;
			hasScannedForEncodings = 0;
			knownRegions = (
				en,
				Base,
			);
			mainGroup = F619DD3B2A6B2B0700917746;
			packageReferences = (
				F65FE7AB2ABF7C1F00778779 /* XCRemoteSwiftPackageReference "Alamofire" */,
				F65FE7AE2ABF7C2C00778779 /* XCRemoteSwiftPackageReference "Connectivity" */,
			);
			productRefGroup = F619DD452A6B2B0700917746 /* Products */;
			projectDirPath = "";
			projectRoot = "";
			targets = (
				F619DD432A6B2B0700917746 /* WeatherApp */,
			);
		};
/* End PBXProject section */

/* Begin PBXResourcesBuildPhase section */
		F619DD422A6B2B0700917746 /* Resources */ = {
			isa = PBXResourcesBuildPhase;
			buildActionMask = 2147483647;
			files = (
				F631AF232B80C74D006463F4 /* Keys.plist in Resources */,
				F619DD502A6B2B0800917746 /* Preview Assets.xcassets in Resources */,
				F619DD4C2A6B2B0800917746 /* Assets.xcassets in Resources */,
			);
			runOnlyForDeploymentPostprocessing = 0;
		};
/* End PBXResourcesBuildPhase section */

/* Begin PBXSourcesBuildPhase section */
		F619DD402A6B2B0700917746 /* Sources */ = {
			isa = PBXSourcesBuildPhase;
			buildActionMask = 2147483647;
			files = (
				F6AEC31D2AA73EA200AD5F5E /* MyWeatherViewModel.swift in Sources */,
				F6131B2F2AADCD8B009F70E4 /* NetworkError.swift in Sources */,
				F6F33F5E2AA338D700C39E89 /* HomeView.swift in Sources */,
				F6131B212AAB9A90009F70E4 /* WeatherAppViewModel.swift in Sources */,
				F631AF282B80CB3D006463F4 /* CoreLocationManager.swift in Sources */,
				F6AEC31F2AA73EAF00AD5F5E /* MyWeatherView.swift in Sources */,
				F679015E2A7C349B0008A332 /* FontEnum.swift in Sources */,
				F6E342C42B7E53AB00C45EB5 /* NetworkPath.swift in Sources */,
				F679015B2A7C33A50008A332 /* FontConstants.swift in Sources */,
				F6131B2C2AABACFF009F70E4 /* Model.swift in Sources */,
				F61DD0252A9D02B90013E705 /* WeatherViewModel.swift in Sources */,
				F61DD0272A9D02C80013E705 /* WeatherView.swift in Sources */,
				F6438D802A75985E002FB331 /* NetworkManager.swift in Sources */,
				F6131B262AABA9ED009F70E4 /* ForecastViewModel.swift in Sources */,
				F619DD482A6B2B0700917746 /* WeatherApp.swift in Sources */,
				F631AF252B80C8F3006463F4 /* INetworkManager.swift in Sources */,
				F6131B242AABA9DC009F70E4 /* ForecastView.swift in Sources */,
			);
			runOnlyForDeploymentPostprocessing = 0;
		};
/* End PBXSourcesBuildPhase section */

/* Begin XCBuildConfiguration section */
		F619DD512A6B2B0800917746 /* Debug */ = {
			isa = XCBuildConfiguration;
			buildSettings = {
				ALWAYS_SEARCH_USER_PATHS = NO;
				ASSETCATALOG_COMPILER_GENERATE_SWIFT_ASSET_SYMBOL_EXTENSIONS = YES;
				CLANG_ANALYZER_NONNULL = YES;
				CLANG_ANALYZER_NUMBER_OBJECT_CONVERSION = YES_AGGRESSIVE;
				CLANG_CXX_LANGUAGE_STANDARD = "gnu++20";
				CLANG_ENABLE_MODULES = YES;
				CLANG_ENABLE_OBJC_ARC = YES;
				CLANG_ENABLE_OBJC_WEAK = YES;
				CLANG_WARN_BLOCK_CAPTURE_AUTORELEASING = YES;
				CLANG_WARN_BOOL_CONVERSION = YES;
				CLANG_WARN_COMMA = YES;
				CLANG_WARN_CONSTANT_CONVERSION = YES;
				CLANG_WARN_DEPRECATED_OBJC_IMPLEMENTATIONS = YES;
				CLANG_WARN_DIRECT_OBJC_ISA_USAGE = YES_ERROR;
				CLANG_WARN_DOCUMENTATION_COMMENTS = YES;
				CLANG_WARN_EMPTY_BODY = YES;
				CLANG_WARN_ENUM_CONVERSION = YES;
				CLANG_WARN_INFINITE_RECURSION = YES;
				CLANG_WARN_INT_CONVERSION = YES;
				CLANG_WARN_NON_LITERAL_NULL_CONVERSION = YES;
				CLANG_WARN_OBJC_IMPLICIT_RETAIN_SELF = YES;
				CLANG_WARN_OBJC_LITERAL_CONVERSION = YES;
				CLANG_WARN_OBJC_ROOT_CLASS = YES_ERROR;
				CLANG_WARN_QUOTED_INCLUDE_IN_FRAMEWORK_HEADER = YES;
				CLANG_WARN_RANGE_LOOP_ANALYSIS = YES;
				CLANG_WARN_STRICT_PROTOTYPES = YES;
				CLANG_WARN_SUSPICIOUS_MOVE = YES;
				CLANG_WARN_UNGUARDED_AVAILABILITY = YES_AGGRESSIVE;
				CLANG_WARN_UNREACHABLE_CODE = YES;
				CLANG_WARN__DUPLICATE_METHOD_MATCH = YES;
				COPY_PHASE_STRIP = NO;
				DEAD_CODE_STRIPPING = YES;
				DEBUG_INFORMATION_FORMAT = dwarf;
				ENABLE_STRICT_OBJC_MSGSEND = YES;
				ENABLE_TESTABILITY = YES;
				ENABLE_USER_SCRIPT_SANDBOXING = YES;
				GCC_C_LANGUAGE_STANDARD = gnu11;
				GCC_DYNAMIC_NO_PIC = NO;
				GCC_NO_COMMON_BLOCKS = YES;
				GCC_OPTIMIZATION_LEVEL = 0;
				GCC_PREPROCESSOR_DEFINITIONS = (
					"DEBUG=1",
					"$(inherited)",
				);
				GCC_WARN_64_TO_32_BIT_CONVERSION = YES;
				GCC_WARN_ABOUT_RETURN_TYPE = YES_ERROR;
				GCC_WARN_UNDECLARED_SELECTOR = YES;
				GCC_WARN_UNINITIALIZED_AUTOS = YES_AGGRESSIVE;
				GCC_WARN_UNUSED_FUNCTION = YES;
				GCC_WARN_UNUSED_VARIABLE = YES;
				MTL_ENABLE_DEBUG_INFO = INCLUDE_SOURCE;
				MTL_FAST_MATH = YES;
				ONLY_ACTIVE_ARCH = YES;
				SWIFT_ACTIVE_COMPILATION_CONDITIONS = DEBUG;
				SWIFT_OPTIMIZATION_LEVEL = "-Onone";
			};
			name = Debug;
		};
		F619DD522A6B2B0800917746 /* Release */ = {
			isa = XCBuildConfiguration;
			buildSettings = {
				ALWAYS_SEARCH_USER_PATHS = NO;
				ASSETCATALOG_COMPILER_GENERATE_SWIFT_ASSET_SYMBOL_EXTENSIONS = YES;
				CLANG_ANALYZER_NONNULL = YES;
				CLANG_ANALYZER_NUMBER_OBJECT_CONVERSION = YES_AGGRESSIVE;
				CLANG_CXX_LANGUAGE_STANDARD = "gnu++20";
				CLANG_ENABLE_MODULES = YES;
				CLANG_ENABLE_OBJC_ARC = YES;
				CLANG_ENABLE_OBJC_WEAK = YES;
				CLANG_WARN_BLOCK_CAPTURE_AUTORELEASING = YES;
				CLANG_WARN_BOOL_CONVERSION = YES;
				CLANG_WARN_COMMA = YES;
				CLANG_WARN_CONSTANT_CONVERSION = YES;
				CLANG_WARN_DEPRECATED_OBJC_IMPLEMENTATIONS = YES;
				CLANG_WARN_DIRECT_OBJC_ISA_USAGE = YES_ERROR;
				CLANG_WARN_DOCUMENTATION_COMMENTS = YES;
				CLANG_WARN_EMPTY_BODY = YES;
				CLANG_WARN_ENUM_CONVERSION = YES;
				CLANG_WARN_INFINITE_RECURSION = YES;
				CLANG_WARN_INT_CONVERSION = YES;
				CLANG_WARN_NON_LITERAL_NULL_CONVERSION = YES;
				CLANG_WARN_OBJC_IMPLICIT_RETAIN_SELF = YES;
				CLANG_WARN_OBJC_LITERAL_CONVERSION = YES;
				CLANG_WARN_OBJC_ROOT_CLASS = YES_ERROR;
				CLANG_WARN_QUOTED_INCLUDE_IN_FRAMEWORK_HEADER = YES;
				CLANG_WARN_RANGE_LOOP_ANALYSIS = YES;
				CLANG_WARN_STRICT_PROTOTYPES = YES;
				CLANG_WARN_SUSPICIOUS_MOVE = YES;
				CLANG_WARN_UNGUARDED_AVAILABILITY = YES_AGGRESSIVE;
				CLANG_WARN_UNREACHABLE_CODE = YES;
				CLANG_WARN__DUPLICATE_METHOD_MATCH = YES;
				COPY_PHASE_STRIP = NO;
				DEAD_CODE_STRIPPING = YES;
				DEBUG_INFORMATION_FORMAT = "dwarf-with-dsym";
				ENABLE_NS_ASSERTIONS = NO;
				ENABLE_STRICT_OBJC_MSGSEND = YES;
				ENABLE_USER_SCRIPT_SANDBOXING = YES;
				GCC_C_LANGUAGE_STANDARD = gnu11;
				GCC_NO_COMMON_BLOCKS = YES;
				GCC_WARN_64_TO_32_BIT_CONVERSION = YES;
				GCC_WARN_ABOUT_RETURN_TYPE = YES_ERROR;
				GCC_WARN_UNDECLARED_SELECTOR = YES;
				GCC_WARN_UNINITIALIZED_AUTOS = YES_AGGRESSIVE;
				GCC_WARN_UNUSED_FUNCTION = YES;
				GCC_WARN_UNUSED_VARIABLE = YES;
				MTL_ENABLE_DEBUG_INFO = NO;
				MTL_FAST_MATH = YES;
				SWIFT_COMPILATION_MODE = wholemodule;
				SWIFT_OPTIMIZATION_LEVEL = "-O";
			};
			name = Release;
		};
		F619DD542A6B2B0800917746 /* Debug */ = {
			isa = XCBuildConfiguration;
			buildSettings = {
				ASSETCATALOG_COMPILER_APPICON_NAME = AppIcon;
				ASSETCATALOG_COMPILER_GLOBAL_ACCENT_COLOR_NAME = AccentColor;
				CODE_SIGN_ENTITLEMENTS = WeatherApp/WeatherApp.entitlements;
				CODE_SIGN_STYLE = Automatic;
				CURRENT_PROJECT_VERSION = 1;
				DEAD_CODE_STRIPPING = YES;
				DEVELOPMENT_ASSET_PATHS = "\"WeatherApp/Preview Content\"";
				ENABLE_PREVIEWS = YES;
				GENERATE_INFOPLIST_FILE = YES;
				INFOPLIST_FILE = WeatherApp/Info.plist;
				"INFOPLIST_KEY_UIApplicationSceneManifest_Generation[sdk=iphoneos*]" = YES;
				"INFOPLIST_KEY_UIApplicationSceneManifest_Generation[sdk=iphonesimulator*]" = YES;
				"INFOPLIST_KEY_UIApplicationSupportsIndirectInputEvents[sdk=iphoneos*]" = YES;
				"INFOPLIST_KEY_UIApplicationSupportsIndirectInputEvents[sdk=iphonesimulator*]" = YES;
				"INFOPLIST_KEY_UILaunchScreen_Generation[sdk=iphoneos*]" = YES;
				"INFOPLIST_KEY_UILaunchScreen_Generation[sdk=iphonesimulator*]" = YES;
				"INFOPLIST_KEY_UIStatusBarStyle[sdk=iphoneos*]" = UIStatusBarStyleDefault;
				"INFOPLIST_KEY_UIStatusBarStyle[sdk=iphonesimulator*]" = UIStatusBarStyleDefault;
				INFOPLIST_KEY_UISupportedInterfaceOrientations_iPad = "UIInterfaceOrientationPortrait UIInterfaceOrientationPortraitUpsideDown UIInterfaceOrientationLandscapeLeft UIInterfaceOrientationLandscapeRight";
				INFOPLIST_KEY_UISupportedInterfaceOrientations_iPhone = "UIInterfaceOrientationPortrait UIInterfaceOrientationLandscapeLeft UIInterfaceOrientationLandscapeRight";
				IPHONEOS_DEPLOYMENT_TARGET = 16.4;
				LD_RUNPATH_SEARCH_PATHS = "@executable_path/Frameworks";
				"LD_RUNPATH_SEARCH_PATHS[sdk=macosx*]" = "@executable_path/../Frameworks";
				MACOSX_DEPLOYMENT_TARGET = 13.3;
				MARKETING_VERSION = 1.0;
				PRODUCT_BUNDLE_IDENTIFIER = com.fiskindal.WeatherApp;
				PRODUCT_NAME = "$(TARGET_NAME)";
				SDKROOT = auto;
				SUPPORTED_PLATFORMS = "iphoneos iphonesimulator macosx";
				SWIFT_EMIT_LOC_STRINGS = YES;
				SWIFT_VERSION = 5.0;
				TARGETED_DEVICE_FAMILY = "1,2";
			};
			name = Debug;
		};
		F619DD552A6B2B0800917746 /* Release */ = {
			isa = XCBuildConfiguration;
			buildSettings = {
				ASSETCATALOG_COMPILER_APPICON_NAME = AppIcon;
				ASSETCATALOG_COMPILER_GLOBAL_ACCENT_COLOR_NAME = AccentColor;
				CODE_SIGN_ENTITLEMENTS = WeatherApp/WeatherApp.entitlements;
				CODE_SIGN_STYLE = Automatic;
				CURRENT_PROJECT_VERSION = 1;
				DEAD_CODE_STRIPPING = YES;
				DEVELOPMENT_ASSET_PATHS = "\"WeatherApp/Preview Content\"";
				ENABLE_PREVIEWS = YES;
				GENERATE_INFOPLIST_FILE = YES;
				INFOPLIST_FILE = WeatherApp/Info.plist;
				"INFOPLIST_KEY_UIApplicationSceneManifest_Generation[sdk=iphoneos*]" = YES;
				"INFOPLIST_KEY_UIApplicationSceneManifest_Generation[sdk=iphonesimulator*]" = YES;
				"INFOPLIST_KEY_UIApplicationSupportsIndirectInputEvents[sdk=iphoneos*]" = YES;
				"INFOPLIST_KEY_UIApplicationSupportsIndirectInputEvents[sdk=iphonesimulator*]" = YES;
				"INFOPLIST_KEY_UILaunchScreen_Generation[sdk=iphoneos*]" = YES;
				"INFOPLIST_KEY_UILaunchScreen_Generation[sdk=iphonesimulator*]" = YES;
				"INFOPLIST_KEY_UIStatusBarStyle[sdk=iphoneos*]" = UIStatusBarStyleDefault;
				"INFOPLIST_KEY_UIStatusBarStyle[sdk=iphonesimulator*]" = UIStatusBarStyleDefault;
				INFOPLIST_KEY_UISupportedInterfaceOrientations_iPad = "UIInterfaceOrientationPortrait UIInterfaceOrientationPortraitUpsideDown UIInterfaceOrientationLandscapeLeft UIInterfaceOrientationLandscapeRight";
				INFOPLIST_KEY_UISupportedInterfaceOrientations_iPhone = "UIInterfaceOrientationPortrait UIInterfaceOrientationLandscapeLeft UIInterfaceOrientationLandscapeRight";
				IPHONEOS_DEPLOYMENT_TARGET = 16.4;
				LD_RUNPATH_SEARCH_PATHS = "@executable_path/Frameworks";
				"LD_RUNPATH_SEARCH_PATHS[sdk=macosx*]" = "@executable_path/../Frameworks";
				MACOSX_DEPLOYMENT_TARGET = 13.3;
				MARKETING_VERSION = 1.0;
				PRODUCT_BUNDLE_IDENTIFIER = com.fiskindal.WeatherApp;
				PRODUCT_NAME = "$(TARGET_NAME)";
				SDKROOT = auto;
				SUPPORTED_PLATFORMS = "iphoneos iphonesimulator macosx";
				SWIFT_EMIT_LOC_STRINGS = YES;
				SWIFT_VERSION = 5.0;
				TARGETED_DEVICE_FAMILY = "1,2";
			};
			name = Release;
		};
/* End XCBuildConfiguration section */

/* Begin XCConfigurationList section */
		F619DD3F2A6B2B0700917746 /* Build configuration list for PBXProject "WeatherApp" */ = {
			isa = XCConfigurationList;
			buildConfigurations = (
				F619DD512A6B2B0800917746 /* Debug */,
				F619DD522A6B2B0800917746 /* Release */,
			);
			defaultConfigurationIsVisible = 0;
			defaultConfigurationName = Release;
		};
		F619DD532A6B2B0800917746 /* Build configuration list for PBXNativeTarget "WeatherApp" */ = {
			isa = XCConfigurationList;
			buildConfigurations = (
				F619DD542A6B2B0800917746 /* Debug */,
				F619DD552A6B2B0800917746 /* Release */,
			);
			defaultConfigurationIsVisible = 0;
			defaultConfigurationName = Release;
		};
/* End XCConfigurationList section */

/* Begin XCRemoteSwiftPackageReference section */
		F65FE7AB2ABF7C1F00778779 /* XCRemoteSwiftPackageReference "Alamofire" */ = {
			isa = XCRemoteSwiftPackageReference;
			repositoryURL = "https://github.com/Alamofire/Alamofire.git";
			requirement = {
				kind = upToNextMajorVersion;
				minimumVersion = 5.8.0;
			};
		};
		F65FE7AE2ABF7C2C00778779 /* XCRemoteSwiftPackageReference "Connectivity" */ = {
			isa = XCRemoteSwiftPackageReference;
			repositoryURL = "https://github.com/rwbutler/Connectivity";
			requirement = {
				kind = upToNextMajorVersion;
				minimumVersion = 6.1.1;
			};
		};
/* End XCRemoteSwiftPackageReference section */

/* Begin XCSwiftPackageProductDependency section */
		F6E342C52B7E569300C45EB5 /* Alamofire */ = {
			isa = XCSwiftPackageProductDependency;
			package = F65FE7AB2ABF7C1F00778779 /* XCRemoteSwiftPackageReference "Alamofire" */;
			productName = Alamofire;
		};
		F6E342C72B7E569300C45EB5 /* Connectivity */ = {
			isa = XCSwiftPackageProductDependency;
			package = F65FE7AE2ABF7C2C00778779 /* XCRemoteSwiftPackageReference "Connectivity" */;
			productName = Connectivity;
		};
/* End XCSwiftPackageProductDependency section */
	};
	rootObject = F619DD3C2A6B2B0700917746 /* Project object */;
}
