{
  "originHash" : "376195079db5496a156812783b0b1b8805485e5fcc809c816a34067145fcbadf",
  "pins" : [
    {
      "identity" : "alamofire",
      "kind" : "remoteSourceControl",
      "location" : "https://github.com/Alamofire/Alamofire.git",
      "state" : {
        "revision" : "f455c2975872ccd2d9c81594c658af65716e9b9a",
        "version" : "5.9.1"
      }
    },
    {
      "identity" : "connectivity",
      "kind" : "remoteSourceControl",
      "location" : "https://github.com/rwbutler/Connectivity",
      "state" : {
        "revision" : "baf392cd229138c268e5dbaf3ee84e6ae0876173",
        "version" : "6.1.1"
      }
    }
  ],
  "version" : 3
}
